// !$*UTF8*$!
{
	archiveVersion = 1;
	classes = {
	};
	objectVersion = 55;
	objects = {

/* Begin PBXBuildFile section */
		5CB5FE74274E3FAD00950B44 /* FormView.swift in Sources */ = {isa = PBXBuildFile; fileRef = 5CB5FE73274E3FAD00950B44 /* FormView.swift */; };
		5CB5FE78274E456500950B44 /* QueryView.swift in Sources */ = {isa = PBXBuildFile; fileRef = 5CB5FE77274E456500950B44 /* QueryView.swift */; };
		5CB5FE7B274E48CC00950B44 /* Person+CoreDataClass.swift in Sources */ = {isa = PBXBuildFile; fileRef = 5CB5FE79274E48CC00950B44 /* Person+CoreDataClass.swift */; };
		5CB5FE7C274E48CC00950B44 /* Person+CoreDataProperties.swift in Sources */ = {isa = PBXBuildFile; fileRef = 5CB5FE7A274E48CC00950B44 /* Person+CoreDataProperties.swift */; };
		5CC3B17E274B7D9700D84243 /* Vaccine_RegistrationApp.swift in Sources */ = {isa = PBXBuildFile; fileRef = 5CC3B17D274B7D9700D84243 /* Vaccine_RegistrationApp.swift */; };
		5CC3B180274B7D9700D84243 /* ContentView.swift in Sources */ = {isa = PBXBuildFile; fileRef = 5CC3B17F274B7D9700D84243 /* ContentView.swift */; };
		5CC3B182274B7D9B00D84243 /* Assets.xcassets in Resources */ = {isa = PBXBuildFile; fileRef = 5CC3B181274B7D9B00D84243 /* Assets.xcassets */; };
		5CC3B185274B7D9B00D84243 /* Preview Assets.xcassets in Resources */ = {isa = PBXBuildFile; fileRef = 5CC3B184274B7D9B00D84243 /* Preview Assets.xcassets */; };
		5CC3B187274B7D9B00D84243 /* Persistence.swift in Sources */ = {isa = PBXBuildFile; fileRef = 5CC3B186274B7D9B00D84243 /* Persistence.swift */; };
		5CC3B18A274B7D9B00D84243 /* Vaccine_Registration.xcdatamodeld in Sources */ = {isa = PBXBuildFile; fileRef = 5CC3B188274B7D9B00D84243 /* Vaccine_Registration.xcdatamodeld */; };
		5CC3B194274B7D9C00D84243 /* Vaccine_RegistrationTests.swift in Sources */ = {isa = PBXBuildFile; fileRef = 5CC3B193274B7D9C00D84243 /* Vaccine_RegistrationTests.swift */; };
		5CC3B19E274B7D9C00D84243 /* Vaccine_RegistrationUITests.swift in Sources */ = {isa = PBXBuildFile; fileRef = 5CC3B19D274B7D9C00D84243 /* Vaccine_RegistrationUITests.swift */; };
		5CC3B1A0274B7D9C00D84243 /* Vaccine_RegistrationUITestsLaunchTests.swift in Sources */ = {isa = PBXBuildFile; fileRef = 5CC3B19F274B7D9C00D84243 /* Vaccine_RegistrationUITestsLaunchTests.swift */; };
/* End PBXBuildFile section */

/* Begin PBXContainerItemProxy section */
		5CC3B190274B7D9C00D84243 /* PBXContainerItemProxy */ = {
			isa = PBXContainerItemProxy;
			containerPortal = 5CC3B172274B7D9600D84243 /* Project object */;
			proxyType = 1;
			remoteGlobalIDString = 5CC3B179274B7D9600D84243;
			remoteInfo = "Vaccine Registration";
		};
		5CC3B19A274B7D9C00D84243 /* PBXContainerItemProxy */ = {
			isa = PBXContainerItemProxy;
			containerPortal = 5CC3B172274B7D9600D84243 /* Project object */;
			proxyType = 1;
			remoteGlobalIDString = 5CC3B179274B7D9600D84243;
			remoteInfo = "Vaccine Registration";
		};
/* End PBXContainerItemProxy section */

/* Begin PBXFileReference section */
		5CB5FE73274E3FAD00950B44 /* FormView.swift */ = {isa = PBXFileReference; lastKnownFileType = sourcecode.swift; path = FormView.swift; sourceTree = "<group>"; };
		5CB5FE77274E456500950B44 /* QueryView.swift */ = {isa = PBXFileReference; lastKnownFileType = sourcecode.swift; path = QueryView.swift; sourceTree = "<group>"; };
		5CB5FE79274E48CC00950B44 /* Person+CoreDataClass.swift */ = {isa = PBXFileReference; lastKnownFileType = sourcecode.swift; path = "Person+CoreDataClass.swift"; sourceTree = "<group>"; };
		5CB5FE7A274E48CC00950B44 /* Person+CoreDataProperties.swift */ = {isa = PBXFileReference; lastKnownFileType = sourcecode.swift; path = "Person+CoreDataProperties.swift"; sourceTree = "<group>"; };
		5CC3B17A274B7D9700D84243 /* Vaccine Registration.app */ = {isa = PBXFileReference; explicitFileType = wrapper.application; includeInIndex = 0; path = "Vaccine Registration.app"; sourceTree = BUILT_PRODUCTS_DIR; };
		5CC3B17D274B7D9700D84243 /* Vaccine_RegistrationApp.swift */ = {isa = PBXFileReference; lastKnownFileType = sourcecode.swift; path = Vaccine_RegistrationApp.swift; sourceTree = "<group>"; };
		5CC3B17F274B7D9700D84243 /* ContentView.swift */ = {isa = PBXFileReference; lastKnownFileType = sourcecode.swift; path = ContentView.swift; sourceTree = "<group>"; };
		5CC3B181274B7D9B00D84243 /* Assets.xcassets */ = {isa = PBXFileReference; lastKnownFileType = folder.assetcatalog; path = Assets.xcassets; sourceTree = "<group>"; };
		5CC3B184274B7D9B00D84243 /* Preview Assets.xcassets */ = {isa = PBXFileReference; lastKnownFileType = folder.assetcatalog; path = "Preview Assets.xcassets"; sourceTree = "<group>"; };
		5CC3B186274B7D9B00D84243 /* Persistence.swift */ = {isa = PBXFileReference; lastKnownFileType = sourcecode.swift; path = Persistence.swift; sourceTree = "<group>"; };
		5CC3B189274B7D9B00D84243 /* Vaccine_Registration.xcdatamodel */ = {isa = PBXFileReference; lastKnownFileType = wrapper.xcdatamodel; path = Vaccine_Registration.xcdatamodel; sourceTree = "<group>"; };
		5CC3B18F274B7D9C00D84243 /* Vaccine RegistrationTests.xctest */ = {isa = PBXFileReference; explicitFileType = wrapper.cfbundle; includeInIndex = 0; path = "Vaccine RegistrationTests.xctest"; sourceTree = BUILT_PRODUCTS_DIR; };
		5CC3B193274B7D9C00D84243 /* Vaccine_RegistrationTests.swift */ = {isa = PBXFileReference; lastKnownFileType = sourcecode.swift; path = Vaccine_RegistrationTests.swift; sourceTree = "<group>"; };
		5CC3B199274B7D9C00D84243 /* Vaccine RegistrationUITests.xctest */ = {isa = PBXFileReference; explicitFileType = wrapper.cfbundle; includeInIndex = 0; path = "Vaccine RegistrationUITests.xctest"; sourceTree = BUILT_PRODUCTS_DIR; };
		5CC3B19D274B7D9C00D84243 /* Vaccine_RegistrationUITests.swift */ = {isa = PBXFileReference; lastKnownFileType = sourcecode.swift; path = Vaccine_RegistrationUITests.swift; sourceTree = "<group>"; };
		5CC3B19F274B7D9C00D84243 /* Vaccine_RegistrationUITestsLaunchTests.swift */ = {isa = PBXFileReference; lastKnownFileType = sourcecode.swift; path = Vaccine_RegistrationUITestsLaunchTests.swift; sourceTree = "<group>"; };
/* End PBXFileReference section */

/* Begin PBXFrameworksBuildPhase section */
		5CC3B177274B7D9600D84243 /* Frameworks */ = {
			isa = PBXFrameworksBuildPhase;
			buildActionMask = 2147483647;
			files = (
			);
			runOnlyForDeploymentPostprocessing = 0;
		};
		5CC3B18C274B7D9C00D84243 /* Frameworks */ = {
			isa = PBXFrameworksBuildPhase;
			buildActionMask = 2147483647;
			files = (
			);
			runOnlyForDeploymentPostprocessing = 0;
		};
		5CC3B196274B7D9C00D84243 /* Frameworks */ = {
			isa = PBXFrameworksBuildPhase;
			buildActionMask = 2147483647;
			files = (
			);
			runOnlyForDeploymentPostprocessing = 0;
		};
/* End PBXFrameworksBuildPhase section */

/* Begin PBXGroup section */
		5CC3B171274B7D9600D84243 = {
			isa = PBXGroup;
			children = (
				5CB5FE79274E48CC00950B44 /* Person+CoreDataClass.swift */,
				5CB5FE7A274E48CC00950B44 /* Person+CoreDataProperties.swift */,
				5CC3B17C274B7D9700D84243 /* Vaccine Registration */,
				5CC3B192274B7D9C00D84243 /* Vaccine RegistrationTests */,
				5CC3B19C274B7D9C00D84243 /* Vaccine RegistrationUITests */,
				5CC3B17B274B7D9700D84243 /* Products */,
			);
			sourceTree = "<group>";
		};
		5CC3B17B274B7D9700D84243 /* Products */ = {
			isa = PBXGroup;
			children = (
				5CC3B17A274B7D9700D84243 /* Vaccine Registration.app */,
				5CC3B18F274B7D9C00D84243 /* Vaccine RegistrationTests.xctest */,
				5CC3B199274B7D9C00D84243 /* Vaccine RegistrationUITests.xctest */,
			);
			name = Products;
			sourceTree = "<group>";
		};
		5CC3B17C274B7D9700D84243 /* Vaccine Registration */ = {
			isa = PBXGroup;
			children = (
				5CC3B17D274B7D9700D84243 /* Vaccine_RegistrationApp.swift */,
				5CC3B17F274B7D9700D84243 /* ContentView.swift */,
				5CB5FE73274E3FAD00950B44 /* FormView.swift */,
				5CB5FE77274E456500950B44 /* QueryView.swift */,
				5CC3B181274B7D9B00D84243 /* Assets.xcassets */,
				5CC3B186274B7D9B00D84243 /* Persistence.swift */,
				5CC3B188274B7D9B00D84243 /* Vaccine_Registration.xcdatamodeld */,
				5CC3B183274B7D9B00D84243 /* Preview Content */,
			);
			path = "Vaccine Registration";
			sourceTree = "<group>";
		};
		5CC3B183274B7D9B00D84243 /* Preview Content */ = {
			isa = PBXGroup;
			children = (
				5CC3B184274B7D9B00D84243 /* Preview Assets.xcassets */,
			);
			path = "Preview Content";
			sourceTree = "<group>";
		};
		5CC3B192274B7D9C00D84243 /* Vaccine RegistrationTests */ = {
			isa = PBXGroup;
			children = (
				5CC3B193274B7D9C00D84243 /* Vaccine_RegistrationTests.swift */,
			);
			path = "Vaccine RegistrationTests";
			sourceTree = "<group>";
		};
		5CC3B19C274B7D9C00D84243 /* Vaccine RegistrationUITests */ = {
			isa = PBXGroup;
			children = (
				5CC3B19D274B7D9C00D84243 /* Vaccine_RegistrationUITests.swift */,
				5CC3B19F274B7D9C00D84243 /* Vaccine_RegistrationUITestsLaunchTests.swift */,
			);
			path = "Vaccine RegistrationUITests";
			sourceTree = "<group>";
		};
/* End PBXGroup section */

/* Begin PBXNativeTarget section */
		5CC3B179274B7D9600D84243 /* Vaccine Registration */ = {
			isa = PBXNativeTarget;
			buildConfigurationList = 5CC3B1A3274B7D9C00D84243 /* Build configuration list for PBXNativeTarget "Vaccine Registration" */;
			buildPhases = (
				5CC3B176274B7D9600D84243 /* Sources */,
				5CC3B177274B7D9600D84243 /* Frameworks */,
				5CC3B178274B7D9600D84243 /* Resources */,
			);
			buildRules = (
			);
			dependencies = (
			);
			name = "Vaccine Registration";
			productName = "Vaccine Registration";
			productReference = 5CC3B17A274B7D9700D84243 /* Vaccine Registration.app */;
			productType = "com.apple.product-type.application";
		};
		5CC3B18E274B7D9C00D84243 /* Vaccine RegistrationTests */ = {
			isa = PBXNativeTarget;
			buildConfigurationList = 5CC3B1A6274B7D9C00D84243 /* Build configuration list for PBXNativeTarget "Vaccine RegistrationTests" */;
			buildPhases = (
				5CC3B18B274B7D9C00D84243 /* Sources */,
				5CC3B18C274B7D9C00D84243 /* Frameworks */,
				5CC3B18D274B7D9C00D84243 /* Resources */,
			);
			buildRules = (
			);
			dependencies = (
				5CC3B191274B7D9C00D84243 /* PBXTargetDependency */,
			);
			name = "Vaccine RegistrationTests";
			productName = "Vaccine RegistrationTests";
			productReference = 5CC3B18F274B7D9C00D84243 /* Vaccine RegistrationTests.xctest */;
			productType = "com.apple.product-type.bundle.unit-test";
		};
		5CC3B198274B7D9C00D84243 /* Vaccine RegistrationUITests */ = {
			isa = PBXNativeTarget;
			buildConfigurationList = 5CC3B1A9274B7D9C00D84243 /* Build configuration list for PBXNativeTarget "Vaccine RegistrationUITests" */;
			buildPhases = (
				5CC3B195274B7D9C00D84243 /* Sources */,
				5CC3B196274B7D9C00D84243 /* Frameworks */,
				5CC3B197274B7D9C00D84243 /* Resources */,
			);
			buildRules = (
			);
			dependencies = (
				5CC3B19B274B7D9C00D84243 /* PBXTargetDependency */,
			);
			name = "Vaccine RegistrationUITests";
			productName = "Vaccine RegistrationUITests";
			productReference = 5CC3B199274B7D9C00D84243 /* Vaccine RegistrationUITests.xctest */;
			productType = "com.apple.product-type.bundle.ui-testing";
		};
/* End PBXNativeTarget section */

/* Begin PBXProject section */
		5CC3B172274B7D9600D84243 /* Project object */ = {
			isa = PBXProject;
			attributes = {
				BuildIndependentTargetsInParallel = 1;
				LastSwiftUpdateCheck = 1300;
				LastUpgradeCheck = 1300;
				TargetAttributes = {
					5CC3B179274B7D9600D84243 = {
						CreatedOnToolsVersion = 13.0;
					};
					5CC3B18E274B7D9C00D84243 = {
						CreatedOnToolsVersion = 13.0;
						TestTargetID = 5CC3B179274B7D9600D84243;
					};
					5CC3B198274B7D9C00D84243 = {
						CreatedOnToolsVersion = 13.0;
						TestTargetID = 5CC3B179274B7D9600D84243;
					};
				};
			};
			buildConfigurationList = 5CC3B175274B7D9600D84243 /* Build configuration list for PBXProject "VaccineRegistration" */;
			compatibilityVersion = "Xcode 13.0";
			developmentRegion = en;
			hasScannedForEncodings = 0;
			knownRegions = (
				en,
				Base,
			);
			mainGroup = 5CC3B171274B7D9600D84243;
			productRefGroup = 5CC3B17B274B7D9700D84243 /* Products */;
			projectDirPath = "";
			projectRoot = "";
			targets = (
				5CC3B179274B7D9600D84243 /* Vaccine Registration */,
				5CC3B18E274B7D9C00D84243 /* Vaccine RegistrationTests */,
				5CC3B198274B7D9C00D84243 /* Vaccine RegistrationUITests */,
			);
		};
/* End PBXProject section */

/* Begin PBXResourcesBuildPhase section */
		5CC3B178274B7D9600D84243 /* Resources */ = {
			isa = PBXResourcesBuildPhase;
			buildActionMask = 2147483647;
			files = (
				5CC3B185274B7D9B00D84243 /* Preview Assets.xcassets in Resources */,
				5CC3B182274B7D9B00D84243 /* Assets.xcassets in Resources */,
			);
			runOnlyForDeploymentPostprocessing = 0;
		};
		5CC3B18D274B7D9C00D84243 /* Resources */ = {
			isa = PBXResourcesBuildPhase;
			buildActionMask = 2147483647;
			files = (
			);
			runOnlyForDeploymentPostprocessing = 0;
		};
		5CC3B197274B7D9C00D84243 /* Resources */ = {
			isa = PBXResourcesBuildPhase;
			buildActionMask = 2147483647;
			files = (
			);
			runOnlyForDeploymentPostprocessing = 0;
		};
/* End PBXResourcesBuildPhase section */

/* Begin PBXSourcesBuildPhase section */
		5CC3B176274B7D9600D84243 /* Sources */ = {
			isa = PBXSourcesBuildPhase;
			buildActionMask = 2147483647;
			files = (
				5CB5FE7B274E48CC00950B44 /* Person+CoreDataClass.swift in Sources */,
				5CB5FE78274E456500950B44 /* QueryView.swift in Sources */,
				5CB5FE7C274E48CC00950B44 /* Person+CoreDataProperties.swift in Sources */,
				5CC3B18A274B7D9B00D84243 /* Vaccine_Registration.xcdatamodeld in Sources */,
				5CC3B187274B7D9B00D84243 /* Persistence.swift in Sources */,
				5CB5FE74274E3FAD00950B44 /* FormView.swift in Sources */,
				5CC3B180274B7D9700D84243 /* ContentView.swift in Sources */,
				5CC3B17E274B7D9700D84243 /* Vaccine_RegistrationApp.swift in Sources */,
			);
			runOnlyForDeploymentPostprocessing = 0;
		};
		5CC3B18B274B7D9C00D84243 /* Sources */ = {
			isa = PBXSourcesBuildPhase;
			buildActionMask = 2147483647;
			files = (
				5CC3B194274B7D9C00D84243 /* Vaccine_RegistrationTests.swift in Sources */,
			);
			runOnlyForDeploymentPostprocessing = 0;
		};
		5CC3B195274B7D9C00D84243 /* Sources */ = {
			isa = PBXSourcesBuildPhase;
			buildActionMask = 2147483647;
			files = (
				5CC3B19E274B7D9C00D84243 /* Vaccine_RegistrationUITests.swift in Sources */,
				5CC3B1A0274B7D9C00D84243 /* Vaccine_RegistrationUITestsLaunchTests.swift in Sources */,
			);
			runOnlyForDeploymentPostprocessing = 0;
		};
/* End PBXSourcesBuildPhase section */

/* Begin PBXTargetDependency section */
		5CC3B191274B7D9C00D84243 /* PBXTargetDependency */ = {
			isa = PBXTargetDependency;
			target = 5CC3B179274B7D9600D84243 /* Vaccine Registration */;
			targetProxy = 5CC3B190274B7D9C00D84243 /* PBXContainerItemProxy */;
		};
		5CC3B19B274B7D9C00D84243 /* PBXTargetDependency */ = {
			isa = PBXTargetDependency;
			target = 5CC3B179274B7D9600D84243 /* Vaccine Registration */;
			targetProxy = 5CC3B19A274B7D9C00D84243 /* PBXContainerItemProxy */;
		};
/* End PBXTargetDependency section */

/* Begin XCBuildConfiguration section */
		5CC3B1A1274B7D9C00D84243 /* Debug */ = {
			isa = XCBuildConfiguration;
			buildSettings = {
				ALWAYS_SEARCH_USER_PATHS = NO;
				CLANG_ANALYZER_NONNULL = YES;
				CLANG_ANALYZER_NUMBER_OBJECT_CONVERSION = YES_AGGRESSIVE;
				CLANG_CXX_LANGUAGE_STANDARD = "gnu++17";
				CLANG_CXX_LIBRARY = "libc++";
				CLANG_ENABLE_MODULES = YES;
				CLANG_ENABLE_OBJC_ARC = YES;
				CLANG_ENABLE_OBJC_WEAK = YES;
				CLANG_WARN_BLOCK_CAPTURE_AUTORELEASING = YES;
				CLANG_WARN_BOOL_CONVERSION = YES;
				CLANG_WARN_COMMA = YES;
				CLANG_WARN_CONSTANT_CONVERSION = YES;
				CLANG_WARN_DEPRECATED_OBJC_IMPLEMENTATIONS = YES;
				CLANG_WARN_DIRECT_OBJC_ISA_USAGE = YES_ERROR;
				CLANG_WARN_DOCUMENTATION_COMMENTS = YES;
				CLANG_WARN_EMPTY_BODY = YES;
				CLANG_WARN_ENUM_CONVERSION = YES;
				CLANG_WARN_INFINITE_RECURSION = YES;
				CLANG_WARN_INT_CONVERSION = YES;
				CLANG_WARN_NON_LITERAL_NULL_CONVERSION = YES;
				CLANG_WARN_OBJC_IMPLICIT_RETAIN_SELF = YES;
				CLANG_WARN_OBJC_LITERAL_CONVERSION = YES;
				CLANG_WARN_OBJC_ROOT_CLASS = YES_ERROR;
				CLANG_WARN_QUOTED_INCLUDE_IN_FRAMEWORK_HEADER = YES;
				CLANG_WARN_RANGE_LOOP_ANALYSIS = YES;
				CLANG_WARN_STRICT_PROTOTYPES = YES;
				CLANG_WARN_SUSPICIOUS_MOVE = YES;
				CLANG_WARN_UNGUARDED_AVAILABILITY = YES_AGGRESSIVE;
				CLANG_WARN_UNREACHABLE_CODE = YES;
				CLANG_WARN__DUPLICATE_METHOD_MATCH = YES;
				COPY_PHASE_STRIP = NO;
				DEBUG_INFORMATION_FORMAT = dwarf;
				ENABLE_STRICT_OBJC_MSGSEND = YES;
				ENABLE_TESTABILITY = YES;
				GCC_C_LANGUAGE_STANDARD = gnu11;
				GCC_DYNAMIC_NO_PIC = NO;
				GCC_NO_COMMON_BLOCKS = YES;
				GCC_OPTIMIZATION_LEVEL = 0;
				GCC_PREPROCESSOR_DEFINITIONS = (
					"DEBUG=1",
					"$(inherited)",
				);
				GCC_WARN_64_TO_32_BIT_CONVERSION = YES;
				GCC_WARN_ABOUT_RETURN_TYPE = YES_ERROR;
				GCC_WARN_UNDECLARED_SELECTOR = YES;
				GCC_WARN_UNINITIALIZED_AUTOS = YES_AGGRESSIVE;
				GCC_WARN_UNUSED_FUNCTION = YES;
				GCC_WARN_UNUSED_VARIABLE = YES;
				IPHONEOS_DEPLOYMENT_TARGET = 15.0;
				MTL_ENABLE_DEBUG_INFO = INCLUDE_SOURCE;
				MTL_FAST_MATH = YES;
				ONLY_ACTIVE_ARCH = YES;
				SDKROOT = iphoneos;
				SWIFT_ACTIVE_COMPILATION_CONDITIONS = DEBUG;
				SWIFT_OPTIMIZATION_LEVEL = "-Onone";
			};
			name = Debug;
		};
		5CC3B1A2274B7D9C00D84243 /* Release */ = {
			isa = XCBuildConfiguration;
			buildSettings = {
				ALWAYS_SEARCH_USER_PATHS = NO;
				CLANG_ANALYZER_NONNULL = YES;
				CLANG_ANALYZER_NUMBER_OBJECT_CONVERSION = YES_AGGRESSIVE;
				CLANG_CXX_LANGUAGE_STANDARD = "gnu++17";
				CLANG_CXX_LIBRARY = "libc++";
				CLANG_ENABLE_MODULES = YES;
				CLANG_ENABLE_OBJC_ARC = YES;
				CLANG_ENABLE_OBJC_WEAK = YES;
				CLANG_WARN_BLOCK_CAPTURE_AUTORELEASING = YES;
				CLANG_WARN_BOOL_CONVERSION = YES;
				CLANG_WARN_COMMA = YES;
				CLANG_WARN_CONSTANT_CONVERSION = YES;
				CLANG_WARN_DEPRECATED_OBJC_IMPLEMENTATIONS = YES;
				CLANG_WARN_DIRECT_OBJC_ISA_USAGE = YES_ERROR;
				CLANG_WARN_DOCUMENTATION_COMMENTS = YES;
				CLANG_WARN_EMPTY_BODY = YES;
				CLANG_WARN_ENUM_CONVERSION = YES;
				CLANG_WARN_INFINITE_RECURSION = YES;
				CLANG_WARN_INT_CONVERSION = YES;
				CLANG_WARN_NON_LITERAL_NULL_CONVERSION = YES;
				CLANG_WARN_OBJC_IMPLICIT_RETAIN_SELF = YES;
				CLANG_WARN_OBJC_LITERAL_CONVERSION = YES;
				CLANG_WARN_OBJC_ROOT_CLASS = YES_ERROR;
				CLANG_WARN_QUOTED_INCLUDE_IN_FRAMEWORK_HEADER = YES;
				CLANG_WARN_RANGE_LOOP_ANALYSIS = YES;
				CLANG_WARN_STRICT_PROTOTYPES = YES;
				CLANG_WARN_SUSPICIOUS_MOVE = YES;
				CLANG_WARN_UNGUARDED_AVAILABILITY = YES_AGGRESSIVE;
				CLANG_WARN_UNREACHABLE_CODE = YES;
				CLANG_WARN__DUPLICATE_METHOD_MATCH = YES;
				COPY_PHASE_STRIP = NO;
				DEBUG_INFORMATION_FORMAT = "dwarf-with-dsym";
				ENABLE_NS_ASSERTIONS = NO;
				ENABLE_STRICT_OBJC_MSGSEND = YES;
				GCC_C_LANGUAGE_STANDARD = gnu11;
				GCC_NO_COMMON_BLOCKS = YES;
				GCC_WARN_64_TO_32_BIT_CONVERSION = YES;
				GCC_WARN_ABOUT_RETURN_TYPE = YES_ERROR;
				GCC_WARN_UNDECLARED_SELECTOR = YES;
				GCC_WARN_UNINITIALIZED_AUTOS = YES_AGGRESSIVE;
				GCC_WARN_UNUSED_FUNCTION = YES;
				GCC_WARN_UNUSED_VARIABLE = YES;
				IPHONEOS_DEPLOYMENT_TARGET = 15.0;
				MTL_ENABLE_DEBUG_INFO = NO;
				MTL_FAST_MATH = YES;
				SDKROOT = iphoneos;
				SWIFT_COMPILATION_MODE = wholemodule;
				SWIFT_OPTIMIZATION_LEVEL = "-O";
				VALIDATE_PRODUCT = YES;
			};
			name = Release;
		};
		5CC3B1A4274B7D9C00D84243 /* Debug */ = {
			isa = XCBuildConfiguration;
			buildSettings = {
				ASSETCATALOG_COMPILER_APPICON_NAME = AppIcon;
				ASSETCATALOG_COMPILER_GLOBAL_ACCENT_COLOR_NAME = AccentColor;
				CODE_SIGN_STYLE = Automatic;
				CURRENT_PROJECT_VERSION = 1;
				DEVELOPMENT_ASSET_PATHS = "\"Vaccine Registration/Preview Content\"";
				DEVELOPMENT_TEAM = TB673Q64S9;
				ENABLE_PREVIEWS = YES;
				GENERATE_INFOPLIST_FILE = YES;
				INFOPLIST_KEY_UIApplicationSceneManifest_Generation = YES;
				INFOPLIST_KEY_UIApplicationSupportsIndirectInputEvents = YES;
				INFOPLIST_KEY_UILaunchScreen_Generation = YES;
				INFOPLIST_KEY_UISupportedInterfaceOrientations_iPad = "UIInterfaceOrientationPortrait UIInterfaceOrientationPortraitUpsideDown UIInterfaceOrientationLandscapeLeft UIInterfaceOrientationLandscapeRight";
				INFOPLIST_KEY_UISupportedInterfaceOrientations_iPhone = "UIInterfaceOrientationPortrait UIInterfaceOrientationLandscapeLeft UIInterfaceOrientationLandscapeRight";
				IPHONEOS_DEPLOYMENT_TARGET = 15.1;
				LD_RUNPATH_SEARCH_PATHS = (
					"$(inherited)",
					"@executable_path/Frameworks",
				);
				MARKETING_VERSION = 1.0;
				PRODUCT_BUNDLE_IDENTIFIER = "com.jacob.vaccineProject.Vaccine-Registration";
				PRODUCT_NAME = "Vaccine Registration";
				SWIFT_EMIT_LOC_STRINGS = YES;
				SWIFT_VERSION = 5.0;
				TARGETED_DEVICE_FAMILY = "1,2";
			};
			name = Debug;
		};
		5CC3B1A5274B7D9C00D84243 /* Release */ = {
			isa = XCBuildConfiguration;
			buildSettings = {
				ASSETCATALOG_COMPILER_APPICON_NAME = AppIcon;
				ASSETCATALOG_COMPILER_GLOBAL_ACCENT_COLOR_NAME = AccentColor;
				CODE_SIGN_STYLE = Automatic;
				CURRENT_PROJECT_VERSION = 1;
				DEVELOPMENT_ASSET_PATHS = "\"Vaccine Registration/Preview Content\"";
				DEVELOPMENT_TEAM = TB673Q64S9;
				ENABLE_PREVIEWS = YES;
				GENERATE_INFOPLIST_FILE = YES;
				INFOPLIST_KEY_UIApplicationSceneManifest_Generation = YES;
				INFOPLIST_KEY_UIApplicationSupportsIndirectInputEvents = YES;
				INFOPLIST_KEY_UILaunchScreen_Generation = YES;
				INFOPLIST_KEY_UISupportedInterfaceOrientations_iPad = "UIInterfaceOrientationPortrait UIInterfaceOrientationPortraitUpsideDown UIInterfaceOrientationLandscapeLeft UIInterfaceOrientationLandscapeRight";
				INFOPLIST_KEY_UISupportedInterfaceOrientations_iPhone = "UIInterfaceOrientationPortrait UIInterfaceOrientationLandscapeLeft UIInterfaceOrientationLandscapeRight";
				IPHONEOS_DEPLOYMENT_TARGET = 15.1;
				LD_RUNPATH_SEARCH_PATHS = (
					"$(inherited)",
					"@executable_path/Frameworks",
				);
				MARKETING_VERSION = 1.0;
				PRODUCT_BUNDLE_IDENTIFIER = "com.jacob.vaccineProject.Vaccine-Registration";
				PRODUCT_NAME = "Vaccine Registration";
				SWIFT_EMIT_LOC_STRINGS = YES;
				SWIFT_VERSION = 5.0;
				TARGETED_DEVICE_FAMILY = "1,2";
			};
			name = Release;
		};
		5CC3B1A7274B7D9C00D84243 /* Debug */ = {
			isa = XCBuildConfiguration;
			buildSettings = {
				ALWAYS_EMBED_SWIFT_STANDARD_LIBRARIES = YES;
				BUNDLE_LOADER = "$(TEST_HOST)";
				CODE_SIGN_STYLE = Automatic;
				CURRENT_PROJECT_VERSION = 1;
				DEVELOPMENT_TEAM = TB673Q64S9;
				GENERATE_INFOPLIST_FILE = YES;
				IPHONEOS_DEPLOYMENT_TARGET = 14.0;
				LD_RUNPATH_SEARCH_PATHS = (
					"$(inherited)",
					"@executable_path/Frameworks",
					"@loader_path/Frameworks",
				);
				MARKETING_VERSION = 1.0;
				PRODUCT_BUNDLE_IDENTIFIER = "com.jacob.vaccineProject.Vaccine-RegistrationTests";
				PRODUCT_NAME = "$(TARGET_NAME)";
				SWIFT_EMIT_LOC_STRINGS = NO;
				SWIFT_VERSION = 5.0;
				TARGETED_DEVICE_FAMILY = "1,2";
				TEST_HOST = "$(BUILT_PRODUCTS_DIR)/Vaccine Registration.app/Vaccine Registration";
			};
			name = Debug;
		};
		5CC3B1A8274B7D9C00D84243 /* Release */ = {
			isa = XCBuildConfiguration;
			buildSettings = {
				ALWAYS_EMBED_SWIFT_STANDARD_LIBRARIES = YES;
				BUNDLE_LOADER = "$(TEST_HOST)";
				CODE_SIGN_STYLE = Automatic;
				CURRENT_PROJECT_VERSION = 1;
				DEVELOPMENT_TEAM = TB673Q64S9;
				GENERATE_INFOPLIST_FILE = YES;
				IPHONEOS_DEPLOYMENT_TARGET = 14.0;
				LD_RUNPATH_SEARCH_PATHS = (
					"$(inherited)",
					"@executable_path/Frameworks",
					"@loader_path/Frameworks",
				);
				MARKETING_VERSION = 1.0;
				PRODUCT_BUNDLE_IDENTIFIER = "com.jacob.vaccineProject.Vaccine-RegistrationTests";
				PRODUCT_NAME = "$(TARGET_NAME)";
				SWIFT_EMIT_LOC_STRINGS = NO;
				SWIFT_VERSION = 5.0;
				TARGETED_DEVICE_FAMILY = "1,2";
				TEST_HOST = "$(BUILT_PRODUCTS_DIR)/Vaccine Registration.app/Vaccine Registration";
			};
			name = Release;
		};
		5CC3B1AA274B7D9C00D84243 /* Debug */ = {
			isa = XCBuildConfiguration;
			buildSettings = {
				ALWAYS_EMBED_SWIFT_STANDARD_LIBRARIES = YES;
				CODE_SIGN_STYLE = Automatic;
				CURRENT_PROJECT_VERSION = 1;
				DEVELOPMENT_TEAM = TB673Q64S9;
				GENERATE_INFOPLIST_FILE = YES;
				LD_RUNPATH_SEARCH_PATHS = (
					"$(inherited)",
					"@executable_path/Frameworks",
					"@loader_path/Frameworks",
				);
				MARKETING_VERSION = 1.0;
				PRODUCT_BUNDLE_IDENTIFIER = "com.jacob.vaccineProject.Vaccine-RegistrationUITests";
				PRODUCT_NAME = "$(TARGET_NAME)";
				SWIFT_EMIT_LOC_STRINGS = NO;
				SWIFT_VERSION = 5.0;
				TARGETED_DEVICE_FAMILY = "1,2";
				TEST_TARGET_NAME = "Vaccine Registration";
			};
			name = Debug;
		};
		5CC3B1AB274B7D9C00D84243 /* Release */ = {
			isa = XCBuildConfiguration;
			buildSettings = {
				ALWAYS_EMBED_SWIFT_STANDARD_LIBRARIES = YES;
				CODE_SIGN_STYLE = Automatic;
				CURRENT_PROJECT_VERSION = 1;
				DEVELOPMENT_TEAM = TB673Q64S9;
				GENERATE_INFOPLIST_FILE = YES;
				LD_RUNPATH_SEARCH_PATHS = (
					"$(inherited)",
					"@executable_path/Frameworks",
					"@loader_path/Frameworks",
				);
				MARKETING_VERSION = 1.0;
				PRODUCT_BUNDLE_IDENTIFIER = "com.jacob.vaccineProject.Vaccine-RegistrationUITests";
				PRODUCT_NAME = "$(TARGET_NAME)";
				SWIFT_EMIT_LOC_STRINGS = NO;
				SWIFT_VERSION = 5.0;
				TARGETED_DEVICE_FAMILY = "1,2";
				TEST_TARGET_NAME = "Vaccine Registration";
			};
			name = Release;
		};
/* End XCBuildConfiguration section */

/* Begin XCConfigurationList section */
		5CC3B175274B7D9600D84243 /* Build configuration list for PBXProject "VaccineRegistration" */ = {
			isa = XCConfigurationList;
			buildConfigurations = (
				5CC3B1A1274B7D9C00D84243 /* Debug */,
				5CC3B1A2274B7D9C00D84243 /* Release */,
			);
			defaultConfigurationIsVisible = 0;
			defaultConfigurationName = Release;
		};
		5CC3B1A3274B7D9C00D84243 /* Build configuration list for PBXNativeTarget "Vaccine Registration" */ = {
			isa = XCConfigurationList;
			buildConfigurations = (
				5CC3B1A4274B7D9C00D84243 /* Debug */,
				5CC3B1A5274B7D9C00D84243 /* Release */,
			);
			defaultConfigurationIsVisible = 0;
			defaultConfigurationName = Release;
		};
		5CC3B1A6274B7D9C00D84243 /* Build configuration list for PBXNativeTarget "Vaccine RegistrationTests" */ = {
			isa = XCConfigurationList;
			buildConfigurations = (
				5CC3B1A7274B7D9C00D84243 /* Debug */,
				5CC3B1A8274B7D9C00D84243 /* Release */,
			);
			defaultConfigurationIsVisible = 0;
			defaultConfigurationName = Release;
		};
		5CC3B1A9274B7D9C00D84243 /* Build configuration list for PBXNativeTarget "Vaccine RegistrationUITests" */ = {
			isa = XCConfigurationList;
			buildConfigurations = (
				5CC3B1AA274B7D9C00D84243 /* Debug */,
				5CC3B1AB274B7D9C00D84243 /* Release */,
			);
			defaultConfigurationIsVisible = 0;
			defaultConfigurationName = Release;
		};
/* End XCConfigurationList section */

/* Begin XCVersionGroup section */
		5CC3B188274B7D9B00D84243 /* Vaccine_Registration.xcdatamodeld */ = {
			isa = XCVersionGroup;
			children = (
				5CC3B189274B7D9B00D84243 /* Vaccine_Registration.xcdatamodel */,
			);
			currentVersion = 5CC3B189274B7D9B00D84243 /* Vaccine_Registration.xcdatamodel */;
			path = Vaccine_Registration.xcdatamodeld;
			sourceTree = "<group>";
			versionGroupType = wrapper.xcdatamodel;
		};
/* End XCVersionGroup section */
	};
	rootObject = 5CC3B172274B7D9600D84243 /* Project object */;
}
